
Microsoft Visual Studio Solution File, Format Version 12.00
# Visual Studio Version 16
VisualStudioVersion = 16.0.29613.14
MinimumVisualStudioVersion = 10.0.40219.1
Project("{FAE04EC0-301F-11D3-BF4B-00C04F79EFBC}") = "Admiral.Server.Core", "Admiral.Server.Core\Admiral.Server.Core.csproj", "{C6D53991-32E5-4753-9FDA-513A1A5D0D6A}"
EndProject
Global
	GlobalSection(SolutionConfigurationPlatforms) = preSolution
		Debug|Any CPU = Debug|Any CPU
		Release|Any CPU = Release|Any CPU
	EndGlobalSection
	GlobalSection(ProjectConfigurationPlatforms) = postSolution
		{C6D53991-32E5-4753-9FDA-513A1A5D0D6A}.Debug|Any CPU.ActiveCfg = Debug|Any CPU
		{C6D53991-32E5-4753-9FDA-513A1A5D0D6A}.Debug|Any CPU.Build.0 = Debug|Any CPU
		{C6D53991-32E5-4753-9FDA-513A1A5D0D6A}.Release|Any CPU.ActiveCfg = Release|Any CPU
		{C6D53991-32E5-4753-9FDA-513A1A5D0D6A}.Release|Any CPU.Build.0 = Release|Any CPU
	EndGlobalSection
	GlobalSection(SolutionProperties) = preSolution
		HideSolutionNode = FALSE
	EndGlobalSection
	GlobalSection(ExtensibilityGlobals) = postSolution
		SolutionGuid = {A1E6ADB9-5655-4A5D-A0D1-51343C9E5CA8}
	EndGlobalSection
EndGlobal
